{
  "version": 4,
  "terraform_version": "1.9.5",
  "serial": 12,
  "lineage": "0c5892d3-702c-d9dd-c9ef-1a3a7b5f16fe",
  "outputs": {},
  "resources": [
    {
      "mode": "managed",
      "type": "eg_tar",
      "name": "default",
      "provider": "provider[\"registry.terraform.io/egdaemon/eg\"]",
      "instances": [
        {
          "schema_version": 0,
          "attributes": {
            "archiveb64": "H4sIAAAAAAAA/+zTQQoCIRTGcdedwhMMn2PNfYyMFsYLM2aOHwUSJa1CLfp+mzfMxif494s7noIfzJCWpOoAgAm4T5QTMOvH9+2/MZvRKo1K+zy5nJOLCh+f9Xq5H3HwIYieJYbdqvcu1F7uf+zaP8r+wf5b2IvorYts/0/l/m3P/q0t+5/Yfwuze6fWayAiom9wDQAA//8usYNDABAAAA==",
            "digest": "d1e5188b8c14ada7149b710fd075e822e88025d30e270e4452c33a8086f0e194",
            "source": [
              {
                "base64": "aGVsbG8gd29ybGQK",
                "digest": "a948904f2f0f479b8f8197694b30184b0d2ed1c1cd2a1ec0fb85d299a192a447",
                "location": "example.1.txt",
                "perm": null
              },
              {
                "base64": "Zm9vIGJhcgo=",
                "digest": "1f2ec52b774368781bed1d1fb140a92e0eb6348090619c9291f9a5a3c8e8d151",
                "location": "example.2.txt",
                "perm": null
              },
              {
                "base64": "d2FhYWFhYWFhYWFhYWFhYWFhYWFhYWFhYWF0",
                "digest": "de154ce5c9dfc3dc57bf625c0589a11d292616b526fff9fabdc5d6dd46fd7cff",
                "location": "example.3.txt",
                "perm": null
              }
            ],
            "timestamp": 1725842459683
          },
          "sensitive_attributes": []
        }
      ]
    },
    {
      "mode": "managed",
      "type": "local_file",
      "name": "derp",
      "provider": "provider[\"registry.terraform.io/hashicorp/local\"]",
      "instances": [
        {
          "schema_version": 0,
          "attributes": {
            "content": "H4sIAAAAAAAA/+zTQQoCIRTGcdedwhMMn2PNfYyMFsYLM2aOHwUSJa1CLfp+mzfMxif494s7noIfzJCWpOoAgAm4T5QTMOvH9+2/MZvRKo1K+zy5nJOLCh+f9Xq5H3HwIYieJYbdqvcu1F7uf+zaP8r+wf5b2IvorYts/0/l/m3P/q0t+5/Yfwuze6fWayAiom9wDQAA//8usYNDABAAAA==",
            "content_base64": null,
            "content_base64sha256": "6DTEczALqftK97aWAH3fpdS9KEVJQ1Mnh8RyAxqy6SE=",
            "content_base64sha512": "leLypv3AWZTzDPWEKXaTNwspdAYGkBxBgyzGOUFo8nRHWHQefC7QPhh92/c0+zigjzdi+4tOTSJrWcBHOrr2oQ==",
            "content_md5": "70b5a792b76e09b058b18ebdf7cf547b",
            "content_sha1": "87d1e07a3f0de3c11f3a7886c6bdb8960dfe60f5",
            "content_sha256": "e834c473300ba9fb4af7b696007ddfa5d4bd28454943532787c472031ab2e921",
            "content_sha512": "95e2f2a6fdc05994f30cf584297693370b29740606901c41832cc6394168f2744758741e7c2ed03e187ddbf734fb38a08f3762fb8b4e4d226b59c0473abaf6a1",
            "directory_permission": "0750",
            "file_permission": "0600",
            "filename": "derp.tar.gz",
            "id": "87d1e07a3f0de3c11f3a7886c6bdb8960dfe60f5",
            "sensitive_content": null,
            "source": null
          },
          "sensitive_attributes": [
            [
              {
                "type": "get_attr",
                "value": "sensitive_content"
              }
            ]
          ],
          "dependencies": [
            "eg_tar.default"
          ]
        }
      ]
    }
  ],
  "check_results": null
}
