{
  "version": 4,
  "terraform_version": "1.9.5",
  "serial": 15,
  "lineage": "0c5892d3-702c-d9dd-c9ef-1a3a7b5f16fe",
  "outputs": {},
  "resources": [
    {
      "mode": "managed",
      "type": "eg_tar",
      "name": "default",
      "provider": "provider[\"registry.terraform.io/egdaemon/eg\"]",
      "instances": [
        {
          "schema_version": 0,
          "attributes": {
            "archiveb64": "H4sIAAAAAAAA/+zTQQoCIRTGcdedwhMMn2PNfYyMFsYLM2aOHwUSJa1CLfp+mzfMxif494s7noIfzJCWpOoAgAm4T5QTMOvH9+2/MZvRKo1K+zy5nJOLCh+f9Xq5H3HwIYieJYbdqvcu1F7uf+zaP8r+wf5b2IvorYts/0/l/m3P/q0t+5/Yfwuze6fWayAiom9wDQAA//8usYNDABAAAA==",
            "digest": "d1e5188b8c14ada7149b710fd075e822e88025d30e270e4452c33a8086f0e194",
            "source": [
              {
                "base64": "aGVsbG8gd29ybGQK",
                "digest": "a948904f2f0f479b8f8197694b30184b0d2ed1c1cd2a1ec0fb85d299a192a447",
                "location": "example.1.txt",
                "perm": null
              },
              {
                "base64": "Zm9vIGJhcgo=",
                "digest": "1f2ec52b774368781bed1d1fb140a92e0eb6348090619c9291f9a5a3c8e8d151",
                "location": "example.2.txt",
                "perm": null
              },
              {
                "base64": "d2FhYWFhYWFhYWFhYWFhYWFhYWFhYWFhYWF0",
                "digest": "de154ce5c9dfc3dc57bf625c0589a11d292616b526fff9fabdc5d6dd46fd7cff",
                "location": "example.3.txt",
                "perm": null
              }
            ],
            "timestamp": 1725842459683
          },
          "sensitive_attributes": []
        }
      ]
    },
    {
      "mode": "managed",
      "type": "local_file",
      "name": "derp",
      "provider": "provider[\"registry.terraform.io/hashicorp/local\"]",
      "instances": [
        {
          "schema_version": 0,
          "attributes": {
            "content": null,
            "content_base64": "H4sIAAAAAAAA/+zTQQoCIRTGcdedwhMMn2PNfYyMFsYLM2aOHwUSJa1CLfp+mzfMxif494s7noIfzJCWpOoAgAm4T5QTMOvH9+2/MZvRKo1K+zy5nJOLCh+f9Xq5H3HwIYieJYbdqvcu1F7uf+zaP8r+wf5b2IvorYts/0/l/m3P/q0t+5/Yfwuze6fWayAiom9wDQAA//8usYNDABAAAA==",
            "content_base64sha256": "1tKkMdlgnnSvGPn0k9HX++OHEE8fWO2LfQwXmCY0k2E=",
            "content_base64sha512": "Jra3LGFFF8fXRLwoquNXM14cHzsDVyrZ6qgFui6A3ukJNKd+645Ej6XgUYwXSvpP+8w7YplTZWhitABUtIv0gQ==",
            "content_md5": "3c5d17b0dac82b90220982c64237f037",
            "content_sha1": "e8266466985b29a23ccff393bc28ca44923a014a",
            "content_sha256": "d6d2a431d9609e74af18f9f493d1d7fbe387104f1f58ed8b7d0c179826349361",
            "content_sha512": "26b6b72c614517c7d744bc28aae357335e1c1f3b03572ad9eaa805ba2e80dee90934a77eeb8e448fa5e0518c174afa4ffbcc3b629953656862b40054b48bf481",
            "directory_permission": "0750",
            "file_permission": "0600",
            "filename": "derp.tar.gz",
            "id": "e8266466985b29a23ccff393bc28ca44923a014a",
            "sensitive_content": null,
            "source": null
          },
          "sensitive_attributes": [
            [
              {
                "type": "get_attr",
                "value": "sensitive_content"
              }
            ]
          ],
          "dependencies": [
            "eg_tar.default"
          ]
        }
      ]
    }
  ],
  "check_results": null
}
